GIT
  remote: git://github.com/haileysome/pygments.rb.git
  revision: 12b7cfca829b694732ca6521e2314a36eb728329
  ref: 12b7cfca829b694732ca6521e2314a36eb728329
  specs:
    pygments.rb (0.3.2)
      posix-spawn (~> 0.3.6)
      yajl-ruby (~> 1.1.0)

GEM
  remote: https://rubygems.org/
  specs:
    erubis (2.7.0)
    posix-spawn (0.3.6)
    rack (1.4.1)
    rack-protection (1.2.0)
      rack
    rbs (0.1.0)
    rdiscount (1.6.8)
    sass (3.2.3)
    sinatra (1.3.3)
      rack (~> 1.3, >= 1.3.6)
      rack-protection (~> 1.2)
      tilt (~> 1.3, >= 1.3.3)
    tilt (1.3.3)
    yajl-ruby (1.1.0)

PLATFORMS
  ruby

DEPENDENCIES
  erubis
  pygments.rb!
  rbs
  rdiscount
  sass
  sinatra
